
Microsoft Visual Studio Solution File, Format Version 12.00
# Visual Studio Version 17
VisualStudioVersion = 17.14.36616.10 d17.14
MinimumVisualStudioVersion = 10.0.40219.1
Project("{FAE04EC0-301F-11D3-BF4B-00C04F79EFBC}") = "CRUD_Janda", "CRUD_Janda\CRUD_Janda.csproj", "{4B77995B-EF12-4D11-9B91-AC867A1974F7}"
EndProject
Global
	GlobalSection(SolutionConfigurationPlatforms) = preSolution
		Debug|Any CPU = Debug|Any CPU
		Release|Any CPU = Release|Any CPU
	EndGlobalSection
	GlobalSection(ProjectConfigurationPlatforms) = postSolution
		{4B77995B-EF12-4D11-9B91-AC867A1974F7}.Debug|Any CPU.ActiveCfg = Debug|Any CPU
		{4B77995B-EF12-4D11-9B91-AC867A1974F7}.Debug|Any CPU.Build.0 = Debug|Any CPU
		{4B77995B-EF12-4D11-9B91-AC867A1974F7}.Release|Any CPU.ActiveCfg = Release|Any CPU
		{4B77995B-EF12-4D11-9B91-AC867A1974F7}.Release|Any CPU.Build.0 = Release|Any CPU
	EndGlobalSection
	GlobalSection(SolutionProperties) = preSolution
		HideSolutionNode = FALSE
	EndGlobalSection
	GlobalSection(ExtensibilityGlobals) = postSolution
		SolutionGuid = {B9C03FA9-B161-4C3A-A5A5-8D6D9572FB4A}
	EndGlobalSection
EndGlobal
